
Microsoft Visual Studio Solution File, Format Version 12.00
# Visual Studio 15
VisualStudioVersion = 15.0.26228.4
MinimumVisualStudioVersion = 10.0.40219.1
Project("{2150E333-8FDC-42A3-9474-1A3956D46DE8}") = "src", "src", "{0D1C04D1-6872-4F28-8FB3-E2348BA3E396}"
EndProject
Project("{2150E333-8FDC-42A3-9474-1A3956D46DE8}") = "Solution Items", "Solution Items", "{C8E90B2E-0C4A-4F96-9B5C-48A4A025B8FA}"
EndProject
Project("{2150E333-8FDC-42A3-9474-1A3956D46DE8}") = "Adapter", "Adapter", "{15CE317B-4D60-4256-A096-783414895650}"
EndProject
Project("{2150E333-8FDC-42A3-9474-1A3956D46DE8}") = "Bridge", "Bridge", "{D4D8F285-DDAD-4560-B647-BB6A5C81276B}"
EndProject
Project("{FAE04EC0-301F-11D3-BF4B-00C04F79EFBC}") = "DesignPatterns.Adapter", "src\Adapter\DesignPatterns.Adapter\DesignPatterns.Adapter.csproj", "{F3023847-1406-485C-896B-60893C59C39B}"
EndProject
Project("{FAE04EC0-301F-11D3-BF4B-00C04F79EFBC}") = "DesignPatterns.Bridge", "src\Bridge\DesignPatterns.Bridge\DesignPatterns.Bridge.csproj", "{805CDC2F-F1B6-4D1E-9BFE-EBA8384D01B0}"
EndProject
Project("{2150E333-8FDC-42A3-9474-1A3956D46DE8}") = "Chain Of Responsibility", "Chain Of Responsibility", "{BD40B631-596F-4E28-B393-61A7F1AF34A9}"
EndProject
Project("{2150E333-8FDC-42A3-9474-1A3956D46DE8}") = "Builder", "Builder", "{6158A768-F218-4869-AB62-CC8461973B1A}"
EndProject
Project("{FAE04EC0-301F-11D3-BF4B-00C04F79EFBC}") = "DesignPatterns.ChainOfResponsibility.Report", "src\Chain Of Responsibility\DesignPatterns.ChainOfResponsibility.Report\DesignPatterns.ChainOfResponsibility.Report.csproj", "{1ADD2024-1122-45A3-B4B7-9EBD960F5049}"
EndProject
Project("{2150E333-8FDC-42A3-9474-1A3956D46DE8}") = "Command", "Command", "{0AF94619-12EC-466F-BD75-DCD509F02052}"
EndProject
Project("{FAE04EC0-301F-11D3-BF4B-00C04F79EFBC}") = "DesignPatterns.Command.Logging", "src\Command\DesignPatterns.Command.Logging\DesignPatterns.Command.Logging.csproj", "{21AF3C3C-3A51-48D5-87B8-988FD600C9B1}"
EndProject
Project("{2150E333-8FDC-42A3-9474-1A3956D46DE8}") = "Rules", "Rules", "{9B13AB24-1686-4180-9906-786C98A7FE7C}"
EndProject
Project("{FAE04EC0-301F-11D3-BF4B-00C04F79EFBC}") = "DesignPatterns.Rules", "src\Rules\DesignPatterns.Rules\DesignPatterns.Rules.csproj", "{073BDCB6-0A40-46B7-830A-A4B5DDC9285F}"
EndProject
Global
	GlobalSection(SolutionConfigurationPlatforms) = preSolution
		Debug|Any CPU = Debug|Any CPU
		Release|Any CPU = Release|Any CPU
	EndGlobalSection
	GlobalSection(ProjectConfigurationPlatforms) = postSolution
		{F3023847-1406-485C-896B-60893C59C39B}.Debug|Any CPU.ActiveCfg = Debug|Any CPU
		{F3023847-1406-485C-896B-60893C59C39B}.Debug|Any CPU.Build.0 = Debug|Any CPU
		{F3023847-1406-485C-896B-60893C59C39B}.Release|Any CPU.ActiveCfg = Release|Any CPU
		{F3023847-1406-485C-896B-60893C59C39B}.Release|Any CPU.Build.0 = Release|Any CPU
		{805CDC2F-F1B6-4D1E-9BFE-EBA8384D01B0}.Debug|Any CPU.ActiveCfg = Debug|Any CPU
		{805CDC2F-F1B6-4D1E-9BFE-EBA8384D01B0}.Debug|Any CPU.Build.0 = Debug|Any CPU
		{805CDC2F-F1B6-4D1E-9BFE-EBA8384D01B0}.Release|Any CPU.ActiveCfg = Release|Any CPU
		{805CDC2F-F1B6-4D1E-9BFE-EBA8384D01B0}.Release|Any CPU.Build.0 = Release|Any CPU
		{1ADD2024-1122-45A3-B4B7-9EBD960F5049}.Debug|Any CPU.ActiveCfg = Debug|Any CPU
		{1ADD2024-1122-45A3-B4B7-9EBD960F5049}.Debug|Any CPU.Build.0 = Debug|Any CPU
		{1ADD2024-1122-45A3-B4B7-9EBD960F5049}.Release|Any CPU.ActiveCfg = Release|Any CPU
		{1ADD2024-1122-45A3-B4B7-9EBD960F5049}.Release|Any CPU.Build.0 = Release|Any CPU
		{21AF3C3C-3A51-48D5-87B8-988FD600C9B1}.Debug|Any CPU.ActiveCfg = Debug|Any CPU
		{21AF3C3C-3A51-48D5-87B8-988FD600C9B1}.Debug|Any CPU.Build.0 = Debug|Any CPU
		{21AF3C3C-3A51-48D5-87B8-988FD600C9B1}.Release|Any CPU.ActiveCfg = Release|Any CPU
		{21AF3C3C-3A51-48D5-87B8-988FD600C9B1}.Release|Any CPU.Build.0 = Release|Any CPU
		{073BDCB6-0A40-46B7-830A-A4B5DDC9285F}.Debug|Any CPU.ActiveCfg = Debug|Any CPU
		{073BDCB6-0A40-46B7-830A-A4B5DDC9285F}.Debug|Any CPU.Build.0 = Debug|Any CPU
		{073BDCB6-0A40-46B7-830A-A4B5DDC9285F}.Release|Any CPU.ActiveCfg = Release|Any CPU
		{073BDCB6-0A40-46B7-830A-A4B5DDC9285F}.Release|Any CPU.Build.0 = Release|Any CPU
	EndGlobalSection
	GlobalSection(SolutionProperties) = preSolution
		HideSolutionNode = FALSE
	EndGlobalSection
	GlobalSection(NestedProjects) = preSolution
		{15CE317B-4D60-4256-A096-783414895650} = {0D1C04D1-6872-4F28-8FB3-E2348BA3E396}
		{D4D8F285-DDAD-4560-B647-BB6A5C81276B} = {0D1C04D1-6872-4F28-8FB3-E2348BA3E396}
		{F3023847-1406-485C-896B-60893C59C39B} = {15CE317B-4D60-4256-A096-783414895650}
		{805CDC2F-F1B6-4D1E-9BFE-EBA8384D01B0} = {D4D8F285-DDAD-4560-B647-BB6A5C81276B}
		{BD40B631-596F-4E28-B393-61A7F1AF34A9} = {0D1C04D1-6872-4F28-8FB3-E2348BA3E396}
		{6158A768-F218-4869-AB62-CC8461973B1A} = {0D1C04D1-6872-4F28-8FB3-E2348BA3E396}
		{1ADD2024-1122-45A3-B4B7-9EBD960F5049} = {BD40B631-596F-4E28-B393-61A7F1AF34A9}
		{0AF94619-12EC-466F-BD75-DCD509F02052} = {0D1C04D1-6872-4F28-8FB3-E2348BA3E396}
		{21AF3C3C-3A51-48D5-87B8-988FD600C9B1} = {0AF94619-12EC-466F-BD75-DCD509F02052}
		{9B13AB24-1686-4180-9906-786C98A7FE7C} = {0D1C04D1-6872-4F28-8FB3-E2348BA3E396}
		{073BDCB6-0A40-46B7-830A-A4B5DDC9285F} = {9B13AB24-1686-4180-9906-786C98A7FE7C}
	EndGlobalSection
EndGlobal
